
Microsoft Visual Studio Solution File, Format Version 12.00
# Visual Studio Version 16
VisualStudioVersion = 16.0.30907.101
MinimumVisualStudioVersion = 10.0.40219.1
Project("{9A19103F-16F7-4668-BE54-9A1E7A4F7556}") = "MultiToolExtensions", "MultiToolExtensions\MultiToolExtensions.csproj", "{B05FAF12-178A-41E1-979D-9683A1AE0164}"
EndProject
Global
	GlobalSection(SolutionConfigurationPlatforms) = preSolution
		Debug|Any CPU = Debug|Any CPU
		Release|Any CPU = Release|Any CPU
	EndGlobalSection
	GlobalSection(ProjectConfigurationPlatforms) = postSolution
		{B05FAF12-178A-41E1-979D-9683A1AE0164}.Debug|Any CPU.ActiveCfg = Debug|Any CPU
		{B05FAF12-178A-41E1-979D-9683A1AE0164}.Debug|Any CPU.Build.0 = Debug|Any CPU
		{B05FAF12-178A-41E1-979D-9683A1AE0164}.Release|Any CPU.ActiveCfg = Release|Any CPU
		{B05FAF12-178A-41E1-979D-9683A1AE0164}.Release|Any CPU.Build.0 = Release|Any CPU
	EndGlobalSection
	GlobalSection(SolutionProperties) = preSolution
		HideSolutionNode = FALSE
	EndGlobalSection
	GlobalSection(ExtensibilityGlobals) = postSolution
		SolutionGuid = {E1DAE6EC-BFBD-4F83-9ED6-77FF2F2DC0AC}
	EndGlobalSection
EndGlobal
